
Microsoft Visual Studio Solution File, Format Version 12.00
# Visual Studio 14
VisualStudioVersion = 14.0.25420.1
MinimumVisualStudioVersion = 10.0.40219.1
Project("{2150E333-8FDC-42A3-9474-1A3956D46DE8}") = "Solution Items", "Solution Items", "{85D673F7-F607-4EC2-94BE-F8524D403CD2}"
	ProjectSection(SolutionItems) = preProject
		licence.txt = licence.txt
	EndProjectSection
EndProject
Project("{FAE04EC0-301F-11D3-BF4B-00C04F79EFBC}") = "SharePoint.IdentityService.Application", "SharePoint.IdentityService.Application\SharePoint.IdentityService.Application.csproj", "{6EAE0CE0-34DF-4E3C-84C8-41C351DE59C0}"
	ProjectSection(ProjectDependencies) = postProject
		{CB0B1403-9062-4387-AB6A-56A0D2922D5A} = {CB0B1403-9062-4387-AB6A-56A0D2922D5A}
		{5753A130-C435-412D-8124-0FEAC0043330} = {5753A130-C435-412D-8124-0FEAC0043330}
		{1541D898-C317-40CC-AA08-F630EC014F2C} = {1541D898-C317-40CC-AA08-F630EC014F2C}
	EndProjectSection
EndProject
Project("{FAE04EC0-301F-11D3-BF4B-00C04F79EFBC}") = "SharePoint.IdentityService.ActiveDirectory", "SharePoint.IdentityService.ActiveDirectory\SharePoint.IdentityService.ActiveDirectory.csproj", "{CB0B1403-9062-4387-AB6A-56A0D2922D5A}"
EndProject
Project("{FAE04EC0-301F-11D3-BF4B-00C04F79EFBC}") = "SharePoint.IdentityService.Core", "SharePoint.IdentityService.Core\SharePoint.IdentityService.Core.csproj", "{009174AC-0149-4AA1-A339-63F550DD2E71}"
EndProject
Project("{FAE04EC0-301F-11D3-BF4B-00C04F79EFBC}") = "SharePoint.IdentityService.Proxy", "SharePoint.IdentityService.Proxy\SharePoint.IdentityService.Proxy.csproj", "{EF1CE282-C8E4-4BFA-B4B3-A494F00CD88C}"
EndProject
Project("{FAE04EC0-301F-11D3-BF4B-00C04F79EFBC}") = "SharePoint.IdentityService.ClaimsProvider", "SharePoint.IdentityService.ClaimsProvider\SharePoint.IdentityService.ClaimsProvider.csproj", "{5753A130-C435-412D-8124-0FEAC0043330}"
EndProject
Project("{FAE04EC0-301F-11D3-BF4B-00C04F79EFBC}") = "IdentityServiceEventlog", "IdentityServiceEventlog\IdentityServiceEventlog.csproj", "{54E62D93-7198-44CA-B56A-00062BAA4178}"
EndProject
Project("{FAE04EC0-301F-11D3-BF4B-00C04F79EFBC}") = "SharePoint.IdentityService.LDAP", "SharePoint.IdentityService.LDAP\SharePoint.IdentityService.LDAP.csproj", "{1541D898-C317-40CC-AA08-F630EC014F2C}"
EndProject
Project("{FAE04EC0-301F-11D3-BF4B-00C04F79EFBC}") = "Neos.SharePoint.WebApp.Redirect", "..\Neos.SharePoint.WebApp.Redirect\Neos.SharePoint.WebApp.Redirect\Neos.SharePoint.WebApp.Redirect.csproj", "{21D8C6CB-E736-47FF-AC23-C977E98344FF}"
EndProject
Global
	GlobalSection(SolutionConfigurationPlatforms) = preSolution
		Debug|Any CPU = Debug|Any CPU
		Debug|Mixed Platforms = Debug|Mixed Platforms
		Debug|x86 = Debug|x86
		Release|Any CPU = Release|Any CPU
		Release|Mixed Platforms = Release|Mixed Platforms
		Release|x86 = Release|x86
	EndGlobalSection
	GlobalSection(ProjectConfigurationPlatforms) = postSolution
		{6EAE0CE0-34DF-4E3C-84C8-41C351DE59C0}.Debug|Any CPU.ActiveCfg = Debug|Any CPU
		{6EAE0CE0-34DF-4E3C-84C8-41C351DE59C0}.Debug|Any CPU.Build.0 = Debug|Any CPU
		{6EAE0CE0-34DF-4E3C-84C8-41C351DE59C0}.Debug|Mixed Platforms.ActiveCfg = Debug|Any CPU
		{6EAE0CE0-34DF-4E3C-84C8-41C351DE59C0}.Debug|Mixed Platforms.Build.0 = Debug|Any CPU
		{6EAE0CE0-34DF-4E3C-84C8-41C351DE59C0}.Debug|x86.ActiveCfg = Debug|Any CPU
		{6EAE0CE0-34DF-4E3C-84C8-41C351DE59C0}.Release|Any CPU.ActiveCfg = Release|Any CPU
		{6EAE0CE0-34DF-4E3C-84C8-41C351DE59C0}.Release|Any CPU.Build.0 = Release|Any CPU
		{6EAE0CE0-34DF-4E3C-84C8-41C351DE59C0}.Release|Any CPU.Deploy.0 = Release|Any CPU
		{6EAE0CE0-34DF-4E3C-84C8-41C351DE59C0}.Release|Mixed Platforms.ActiveCfg = Release|Any CPU
		{6EAE0CE0-34DF-4E3C-84C8-41C351DE59C0}.Release|Mixed Platforms.Build.0 = Release|Any CPU
		{6EAE0CE0-34DF-4E3C-84C8-41C351DE59C0}.Release|Mixed Platforms.Deploy.0 = Release|Any CPU
		{6EAE0CE0-34DF-4E3C-84C8-41C351DE59C0}.Release|x86.ActiveCfg = Release|Any CPU
		{CB0B1403-9062-4387-AB6A-56A0D2922D5A}.Debug|Any CPU.ActiveCfg = Debug|Any CPU
		{CB0B1403-9062-4387-AB6A-56A0D2922D5A}.Debug|Any CPU.Build.0 = Debug|Any CPU
		{CB0B1403-9062-4387-AB6A-56A0D2922D5A}.Debug|Mixed Platforms.ActiveCfg = Debug|Any CPU
		{CB0B1403-9062-4387-AB6A-56A0D2922D5A}.Debug|Mixed Platforms.Build.0 = Debug|Any CPU
		{CB0B1403-9062-4387-AB6A-56A0D2922D5A}.Debug|x86.ActiveCfg = Debug|Any CPU
		{CB0B1403-9062-4387-AB6A-56A0D2922D5A}.Release|Any CPU.ActiveCfg = Release|Any CPU
		{CB0B1403-9062-4387-AB6A-56A0D2922D5A}.Release|Any CPU.Build.0 = Release|Any CPU
		{CB0B1403-9062-4387-AB6A-56A0D2922D5A}.Release|Mixed Platforms.ActiveCfg = Release|Any CPU
		{CB0B1403-9062-4387-AB6A-56A0D2922D5A}.Release|Mixed Platforms.Build.0 = Release|Any CPU
		{CB0B1403-9062-4387-AB6A-56A0D2922D5A}.Release|x86.ActiveCfg = Release|Any CPU
		{009174AC-0149-4AA1-A339-63F550DD2E71}.Debug|Any CPU.ActiveCfg = Debug|Any CPU
		{009174AC-0149-4AA1-A339-63F550DD2E71}.Debug|Any CPU.Build.0 = Debug|Any CPU
		{009174AC-0149-4AA1-A339-63F550DD2E71}.Debug|Mixed Platforms.ActiveCfg = Debug|Any CPU
		{009174AC-0149-4AA1-A339-63F550DD2E71}.Debug|Mixed Platforms.Build.0 = Debug|Any CPU
		{009174AC-0149-4AA1-A339-63F550DD2E71}.Debug|x86.ActiveCfg = Debug|Any CPU
		{009174AC-0149-4AA1-A339-63F550DD2E71}.Release|Any CPU.ActiveCfg = Release|Any CPU
		{009174AC-0149-4AA1-A339-63F550DD2E71}.Release|Any CPU.Build.0 = Release|Any CPU
		{009174AC-0149-4AA1-A339-63F550DD2E71}.Release|Mixed Platforms.ActiveCfg = Release|Any CPU
		{009174AC-0149-4AA1-A339-63F550DD2E71}.Release|Mixed Platforms.Build.0 = Release|Any CPU
		{009174AC-0149-4AA1-A339-63F550DD2E71}.Release|x86.ActiveCfg = Release|Any CPU
		{EF1CE282-C8E4-4BFA-B4B3-A494F00CD88C}.Debug|Any CPU.ActiveCfg = Debug|Any CPU
		{EF1CE282-C8E4-4BFA-B4B3-A494F00CD88C}.Debug|Any CPU.Build.0 = Debug|Any CPU
		{EF1CE282-C8E4-4BFA-B4B3-A494F00CD88C}.Debug|Mixed Platforms.ActiveCfg = Debug|Any CPU
		{EF1CE282-C8E4-4BFA-B4B3-A494F00CD88C}.Debug|Mixed Platforms.Build.0 = Debug|Any CPU
		{EF1CE282-C8E4-4BFA-B4B3-A494F00CD88C}.Debug|x86.ActiveCfg = Debug|Any CPU
		{EF1CE282-C8E4-4BFA-B4B3-A494F00CD88C}.Release|Any CPU.ActiveCfg = Release|Any CPU
		{EF1CE282-C8E4-4BFA-B4B3-A494F00CD88C}.Release|Any CPU.Build.0 = Release|Any CPU
		{EF1CE282-C8E4-4BFA-B4B3-A494F00CD88C}.Release|Mixed Platforms.ActiveCfg = Release|Any CPU
		{EF1CE282-C8E4-4BFA-B4B3-A494F00CD88C}.Release|Mixed Platforms.Build.0 = Release|Any CPU
		{EF1CE282-C8E4-4BFA-B4B3-A494F00CD88C}.Release|x86.ActiveCfg = Release|Any CPU
		{5753A130-C435-412D-8124-0FEAC0043330}.Debug|Any CPU.ActiveCfg = Debug|Any CPU
		{5753A130-C435-412D-8124-0FEAC0043330}.Debug|Any CPU.Build.0 = Debug|Any CPU
		{5753A130-C435-412D-8124-0FEAC0043330}.Debug|Mixed Platforms.ActiveCfg = Debug|Any CPU
		{5753A130-C435-412D-8124-0FEAC0043330}.Debug|Mixed Platforms.Build.0 = Debug|Any CPU
		{5753A130-C435-412D-8124-0FEAC0043330}.Debug|x86.ActiveCfg = Debug|Any CPU
		{5753A130-C435-412D-8124-0FEAC0043330}.Release|Any CPU.ActiveCfg = Release|Any CPU
		{5753A130-C435-412D-8124-0FEAC0043330}.Release|Any CPU.Build.0 = Release|Any CPU
		{5753A130-C435-412D-8124-0FEAC0043330}.Release|Mixed Platforms.ActiveCfg = Release|Any CPU
		{5753A130-C435-412D-8124-0FEAC0043330}.Release|Mixed Platforms.Build.0 = Release|Any CPU
		{5753A130-C435-412D-8124-0FEAC0043330}.Release|x86.ActiveCfg = Release|Any CPU
		{54E62D93-7198-44CA-B56A-00062BAA4178}.Debug|Any CPU.ActiveCfg = Debug|Any CPU
		{54E62D93-7198-44CA-B56A-00062BAA4178}.Debug|Any CPU.Build.0 = Debug|Any CPU
		{54E62D93-7198-44CA-B56A-00062BAA4178}.Debug|Mixed Platforms.ActiveCfg = Debug|Any CPU
		{54E62D93-7198-44CA-B56A-00062BAA4178}.Debug|Mixed Platforms.Build.0 = Debug|Any CPU
		{54E62D93-7198-44CA-B56A-00062BAA4178}.Debug|x86.ActiveCfg = Debug|x86
		{54E62D93-7198-44CA-B56A-00062BAA4178}.Debug|x86.Build.0 = Debug|x86
		{54E62D93-7198-44CA-B56A-00062BAA4178}.Release|Any CPU.ActiveCfg = Release|Any CPU
		{54E62D93-7198-44CA-B56A-00062BAA4178}.Release|Any CPU.Build.0 = Release|Any CPU
		{54E62D93-7198-44CA-B56A-00062BAA4178}.Release|Mixed Platforms.ActiveCfg = Release|x86
		{54E62D93-7198-44CA-B56A-00062BAA4178}.Release|Mixed Platforms.Build.0 = Release|x86
		{54E62D93-7198-44CA-B56A-00062BAA4178}.Release|x86.ActiveCfg = Release|x86
		{54E62D93-7198-44CA-B56A-00062BAA4178}.Release|x86.Build.0 = Release|x86
		{1541D898-C317-40CC-AA08-F630EC014F2C}.Debug|Any CPU.ActiveCfg = Debug|Any CPU
		{1541D898-C317-40CC-AA08-F630EC014F2C}.Debug|Any CPU.Build.0 = Debug|Any CPU
		{1541D898-C317-40CC-AA08-F630EC014F2C}.Debug|Mixed Platforms.ActiveCfg = Debug|Any CPU
		{1541D898-C317-40CC-AA08-F630EC014F2C}.Debug|Mixed Platforms.Build.0 = Debug|Any CPU
		{1541D898-C317-40CC-AA08-F630EC014F2C}.Debug|x86.ActiveCfg = Debug|Any CPU
		{1541D898-C317-40CC-AA08-F630EC014F2C}.Debug|x86.Build.0 = Debug|Any CPU
		{1541D898-C317-40CC-AA08-F630EC014F2C}.Release|Any CPU.ActiveCfg = Release|Any CPU
		{1541D898-C317-40CC-AA08-F630EC014F2C}.Release|Any CPU.Build.0 = Release|Any CPU
		{1541D898-C317-40CC-AA08-F630EC014F2C}.Release|Mixed Platforms.ActiveCfg = Release|Any CPU
		{1541D898-C317-40CC-AA08-F630EC014F2C}.Release|Mixed Platforms.Build.0 = Release|Any CPU
		{1541D898-C317-40CC-AA08-F630EC014F2C}.Release|x86.ActiveCfg = Release|Any CPU
		{1541D898-C317-40CC-AA08-F630EC014F2C}.Release|x86.Build.0 = Release|Any CPU
		{21D8C6CB-E736-47FF-AC23-C977E98344FF}.Debug|Any CPU.ActiveCfg = Debug|Any CPU
		{21D8C6CB-E736-47FF-AC23-C977E98344FF}.Debug|Any CPU.Build.0 = Debug|Any CPU
		{21D8C6CB-E736-47FF-AC23-C977E98344FF}.Debug|Any CPU.Deploy.0 = Debug|Any CPU
		{21D8C6CB-E736-47FF-AC23-C977E98344FF}.Debug|Mixed Platforms.ActiveCfg = Debug|Any CPU
		{21D8C6CB-E736-47FF-AC23-C977E98344FF}.Debug|Mixed Platforms.Build.0 = Debug|Any CPU
		{21D8C6CB-E736-47FF-AC23-C977E98344FF}.Debug|x86.ActiveCfg = Debug|Any CPU
		{21D8C6CB-E736-47FF-AC23-C977E98344FF}.Debug|x86.Build.0 = Debug|Any CPU
		{21D8C6CB-E736-47FF-AC23-C977E98344FF}.Debug|x86.Deploy.0 = Debug|Any CPU
		{21D8C6CB-E736-47FF-AC23-C977E98344FF}.Release|Any CPU.ActiveCfg = Release|Any CPU
		{21D8C6CB-E736-47FF-AC23-C977E98344FF}.Release|Any CPU.Build.0 = Release|Any CPU
		{21D8C6CB-E736-47FF-AC23-C977E98344FF}.Release|Any CPU.Deploy.0 = Release|Any CPU
		{21D8C6CB-E736-47FF-AC23-C977E98344FF}.Release|Mixed Platforms.ActiveCfg = Release|Any CPU
		{21D8C6CB-E736-47FF-AC23-C977E98344FF}.Release|Mixed Platforms.Build.0 = Release|Any CPU
		{21D8C6CB-E736-47FF-AC23-C977E98344FF}.Release|Mixed Platforms.Deploy.0 = Release|Any CPU
		{21D8C6CB-E736-47FF-AC23-C977E98344FF}.Release|x86.ActiveCfg = Release|Any CPU
		{21D8C6CB-E736-47FF-AC23-C977E98344FF}.Release|x86.Build.0 = Release|Any CPU
		{21D8C6CB-E736-47FF-AC23-C977E98344FF}.Release|x86.Deploy.0 = Release|Any CPU
	EndGlobalSection
	GlobalSection(SolutionProperties) = preSolution
		HideSolutionNode = FALSE
	EndGlobalSection
EndGlobal
